
Microsoft Visual Studio Solution File, Format Version 12.00
# Visual Studio Version 17
VisualStudioVersion = 17.7.34003.232
MinimumVisualStudioVersion = 10.0.40219.1
Project("{FAE04EC0-301F-11D3-BF4B-00C04F79EFBC}") = "MovieTicketApp", "MovieTicketApp.csproj", "{4C6322F4-CA93-4701-945C-C2E7D7D0DD0E}"
EndProject
Global
	GlobalSection(SolutionConfigurationPlatforms) = preSolution
		Debug|Any CPU = Debug|Any CPU
		Release|Any CPU = Release|Any CPU
	EndGlobalSection
	GlobalSection(ProjectConfigurationPlatforms) = postSolution
		{4C6322F4-CA93-4701-945C-C2E7D7D0DD0E}.Debug|Any CPU.ActiveCfg = Debug|Any CPU
		{4C6322F4-CA93-4701-945C-C2E7D7D0DD0E}.Debug|Any CPU.Build.0 = Debug|Any CPU
		{4C6322F4-CA93-4701-945C-C2E7D7D0DD0E}.Release|Any CPU.ActiveCfg = Release|Any CPU
		{4C6322F4-CA93-4701-945C-C2E7D7D0DD0E}.Release|Any CPU.Build.0 = Release|Any CPU
	EndGlobalSection
	GlobalSection(SolutionProperties) = preSolution
		HideSolutionNode = FALSE
	EndGlobalSection
	GlobalSection(ExtensibilityGlobals) = postSolution
		SolutionGuid = {8E498C0D-D082-4EF6-B63D-09CEA939C82B}
	EndGlobalSection
EndGlobal
